
Microsoft Visual Studio Solution File, Format Version 12.00
# Visual Studio Version 16
VisualStudioVersion = 16.0.29519.181
MinimumVisualStudioVersion = 10.0.40219.1
Project("{2150E333-8FDC-42A3-9474-1A3956D46DE8}") = "Web", "Web", "{134B5DAE-84A4-4F29-93B3-986F8B674B5D}"
EndProject
Project("{FAE04EC0-301F-11D3-BF4B-00C04F79EFBC}") = "MintPlayer.Web", "Web\MintPlayer.Web\MintPlayer.Web.csproj", "{8681995B-FF19-477E-96E8-39F82FC58D4D}"
EndProject
Project("{FAE04EC0-301F-11D3-BF4B-00C04F79EFBC}") = "MintPlayer.Data", "Web\MintPlayer.Data\MintPlayer.Data.csproj", "{270AA3EB-FE3D-4B5B-8C6F-EA35582A2DBE}"
EndProject
Global
	GlobalSection(SolutionConfigurationPlatforms) = preSolution
		Debug|Any CPU = Debug|Any CPU
		Release|Any CPU = Release|Any CPU
	EndGlobalSection
	GlobalSection(ProjectConfigurationPlatforms) = postSolution
		{8681995B-FF19-477E-96E8-39F82FC58D4D}.Debug|Any CPU.ActiveCfg = Debug|Any CPU
		{8681995B-FF19-477E-96E8-39F82FC58D4D}.Debug|Any CPU.Build.0 = Debug|Any CPU
		{8681995B-FF19-477E-96E8-39F82FC58D4D}.Release|Any CPU.ActiveCfg = Release|Any CPU
		{8681995B-FF19-477E-96E8-39F82FC58D4D}.Release|Any CPU.Build.0 = Release|Any CPU
		{270AA3EB-FE3D-4B5B-8C6F-EA35582A2DBE}.Debug|Any CPU.ActiveCfg = Debug|Any CPU
		{270AA3EB-FE3D-4B5B-8C6F-EA35582A2DBE}.Debug|Any CPU.Build.0 = Debug|Any CPU
		{270AA3EB-FE3D-4B5B-8C6F-EA35582A2DBE}.Release|Any CPU.ActiveCfg = Release|Any CPU
		{270AA3EB-FE3D-4B5B-8C6F-EA35582A2DBE}.Release|Any CPU.Build.0 = Release|Any CPU
	EndGlobalSection
	GlobalSection(SolutionProperties) = preSolution
		HideSolutionNode = FALSE
	EndGlobalSection
	GlobalSection(NestedProjects) = preSolution
		{8681995B-FF19-477E-96E8-39F82FC58D4D} = {134B5DAE-84A4-4F29-93B3-986F8B674B5D}
		{270AA3EB-FE3D-4B5B-8C6F-EA35582A2DBE} = {134B5DAE-84A4-4F29-93B3-986F8B674B5D}
	EndGlobalSection
	GlobalSection(ExtensibilityGlobals) = postSolution
		SolutionGuid = {4FEE4FF5-A779-458F-9A58-B773C3A40B8E}
	EndGlobalSection
EndGlobal
